
Microsoft Visual Studio Solution File, Format Version 12.00
# Visual Studio 15
VisualStudioVersion = 15.0.28307.136
MinimumVisualStudioVersion = 10.0.40219.1
Project("{FAE04EC0-301F-11D3-BF4B-00C04F79EFBC}") = "ExamenAPI", "ExamenAPI\ExamenAPI.csproj", "{19E40466-2EFF-41E5-ACC9-A19F258A4757}"
EndProject
Global
	GlobalSection(SolutionConfigurationPlatforms) = preSolution
		Debug|Any CPU = Debug|Any CPU
		Release|Any CPU = Release|Any CPU
	EndGlobalSection
	GlobalSection(ProjectConfigurationPlatforms) = postSolution
		{19E40466-2EFF-41E5-ACC9-A19F258A4757}.Debug|Any CPU.ActiveCfg = Debug|Any CPU
		{19E40466-2EFF-41E5-ACC9-A19F258A4757}.Debug|Any CPU.Build.0 = Debug|Any CPU
		{19E40466-2EFF-41E5-ACC9-A19F258A4757}.Release|Any CPU.ActiveCfg = Release|Any CPU
		{19E40466-2EFF-41E5-ACC9-A19F258A4757}.Release|Any CPU.Build.0 = Release|Any CPU
	EndGlobalSection
	GlobalSection(SolutionProperties) = preSolution
		HideSolutionNode = FALSE
	EndGlobalSection
	GlobalSection(ExtensibilityGlobals) = postSolution
		SolutionGuid = {86D4A564-7B81-4ED2-9955-7A84D80A8DA4}
	EndGlobalSection
EndGlobal
